// !$*UTF8*$!
{
	archiveVersion = 1;
	classes = {
	};
	objectVersion = 46;
	objects = {

/* Begin PBXBuildFile section */
		E896EC341F46C2490091668E /* main.m in Sources */ = {isa = PBXBuildFile; fileRef = E896EC331F46C2490091668E /* main.m */; };
		E896EC3C1F46C3E90091668E /* PersonFactory.m in Sources */ = {isa = PBXBuildFile; fileRef = E896EC3B1F46C3E90091668E /* PersonFactory.m */; };
		E896EC3F1F46C4470091668E /* Person.m in Sources */ = {isa = PBXBuildFile; fileRef = E896EC3E1F46C4470091668E /* Person.m */; };
		E896EC421F46C4800091668E /* Teacher.m in Sources */ = {isa = PBXBuildFile; fileRef = E896EC411F46C4800091668E /* Teacher.m */; };
		E896EC451F46C4A60091668E /* Student.m in Sources */ = {isa = PBXBuildFile; fileRef = E896EC441F46C4A60091668E /* Student.m */; };
/* End PBXBuildFile section */

/* Begin PBXCopyFilesBuildPhase section */
		E896EC2E1F46C2490091668E /* CopyFiles */ = {
			isa = PBXCopyFilesBuildPhase;
			buildActionMask = 2147483647;
			dstPath = /usr/share/man/man1/;
			dstSubfolderSpec = 0;
			files = (
			);
			runOnlyForDeploymentPostprocessing = 1;
		};
/* End PBXCopyFilesBuildPhase section */

/* Begin PBXFileReference section */
		E896EC301F46C2490091668E /* 工厂模式 */ = {isa = PBXFileReference; explicitFileType = "compiled.mach-o.executable"; includeInIndex = 0; path = "工厂模式"; sourceTree = BUILT_PRODUCTS_DIR; };
		E896EC331F46C2490091668E /* main.m */ = {isa = PBXFileReference; lastKnownFileType = sourcecode.c.objc; path = main.m; sourceTree = "<group>"; };
		E896EC3A1F46C3E90091668E /* PersonFactory.h */ = {isa = PBXFileReference; fileEncoding = 4; lastKnownFileType = sourcecode.c.h; path = PersonFactory.h; sourceTree = "<group>"; };
		E896EC3B1F46C3E90091668E /* PersonFactory.m */ = {isa = PBXFileReference; fileEncoding = 4; lastKnownFileType = sourcecode.c.objc; path = PersonFactory.m; sourceTree = "<group>"; };
		E896EC3D1F46C4470091668E /* Person.h */ = {isa = PBXFileReference; fileEncoding = 4; lastKnownFileType = sourcecode.c.h; path = Person.h; sourceTree = "<group>"; };
		E896EC3E1F46C4470091668E /* Person.m */ = {isa = PBXFileReference; fileEncoding = 4; lastKnownFileType = sourcecode.c.objc; path = Person.m; sourceTree = "<group>"; };
		E896EC401F46C4800091668E /* Teacher.h */ = {isa = PBXFileReference; fileEncoding = 4; lastKnownFileType = sourcecode.c.h; path = Teacher.h; sourceTree = "<group>"; };
		E896EC411F46C4800091668E /* Teacher.m */ = {isa = PBXFileReference; fileEncoding = 4; lastKnownFileType = sourcecode.c.objc; path = Teacher.m; sourceTree = "<group>"; };
		E896EC431F46C4A60091668E /* Student.h */ = {isa = PBXFileReference; fileEncoding = 4; lastKnownFileType = sourcecode.c.h; path = Student.h; sourceTree = "<group>"; };
		E896EC441F46C4A60091668E /* Student.m */ = {isa = PBXFileReference; fileEncoding = 4; lastKnownFileType = sourcecode.c.objc; path = Student.m; sourceTree = "<group>"; };
/* End PBXFileReference section */

/* Begin PBXFrameworksBuildPhase section */
		E896EC2D1F46C2490091668E /* Frameworks */ = {
			isa = PBXFrameworksBuildPhase;
			buildActionMask = 2147483647;
			files = (
			);
			runOnlyForDeploymentPostprocessing = 0;
		};
/* End PBXFrameworksBuildPhase section */

/* Begin PBXGroup section */
		E896EC271F46C2490091668E = {
			isa = PBXGroup;
			children = (
				E896EC321F46C2490091668E /* 工厂模式 */,
				E896EC311F46C2490091668E /* Products */,
			);
			sourceTree = "<group>";
		};
		E896EC311F46C2490091668E /* Products */ = {
			isa = PBXGroup;
			children = (
				E896EC301F46C2490091668E /* 工厂模式 */,
			);
			name = Products;
			sourceTree = "<group>";
		};
		E896EC321F46C2490091668E /* 工厂模式 */ = {
			isa = PBXGroup;
			children = (
				E896EC331F46C2490091668E /* main.m */,
				E896EC3A1F46C3E90091668E /* PersonFactory.h */,
				E896EC3B1F46C3E90091668E /* PersonFactory.m */,
				E896EC3D1F46C4470091668E /* Person.h */,
				E896EC3E1F46C4470091668E /* Person.m */,
				E896EC401F46C4800091668E /* Teacher.h */,
				E896EC411F46C4800091668E /* Teacher.m */,
				E896EC431F46C4A60091668E /* Student.h */,
				E896EC441F46C4A60091668E /* Student.m */,
			);
			path = "工厂模式";
			sourceTree = "<group>";
		};
/* End PBXGroup section */

/* Begin PBXNativeTarget section */
		E896EC2F1F46C2490091668E /* 工厂模式 */ = {
			isa = PBXNativeTarget;
			buildConfigurationList = E896EC371F46C2490091668E /* Build configuration list for PBXNativeTarget "工厂模式" */;
			buildPhases = (
				E896EC2C1F46C2490091668E /* Sources */,
				E896EC2D1F46C2490091668E /* Frameworks */,
				E896EC2E1F46C2490091668E /* CopyFiles */,
			);
			buildRules = (
			);
			dependencies = (
			);
			name = "工厂模式";
			productName = "工厂模式";
			productReference = E896EC301F46C2490091668E /* 工厂模式 */;
			productType = "com.apple.product-type.tool";
		};
/* End PBXNativeTarget section */

/* Begin PBXProject section */
		E896EC281F46C2490091668E /* Project object */ = {
			isa = PBXProject;
			attributes = {
				LastUpgradeCheck = 0830;
				ORGANIZATIONNAME = PaddyGu;
				TargetAttributes = {
					E896EC2F1F46C2490091668E = {
						CreatedOnToolsVersion = 8.3.3;
						ProvisioningStyle = Automatic;
					};
				};
			};
			buildConfigurationList = E896EC2B1F46C2490091668E /* Build configuration list for PBXProject "工厂模式" */;
			compatibilityVersion = "Xcode 3.2";
			developmentRegion = English;
			hasScannedForEncodings = 0;
			knownRegions = (
				en,
			);
			mainGroup = E896EC271F46C2490091668E;
			productRefGroup = E896EC311F46C2490091668E /* Products */;
			projectDirPath = "";
			projectRoot = "";
			targets = (
				E896EC2F1F46C2490091668E /* 工厂模式 */,
			);
		};
/* End PBXProject section */

/* Begin PBXSourcesBuildPhase section */
		E896EC2C1F46C2490091668E /* Sources */ = {
			isa = PBXSourcesBuildPhase;
			buildActionMask = 2147483647;
			files = (
				E896EC421F46C4800091668E /* Teacher.m in Sources */,
				E896EC3F1F46C4470091668E /* Person.m in Sources */,
				E896EC451F46C4A60091668E /* Student.m in Sources */,
				E896EC341F46C2490091668E /* main.m in Sources */,
				E896EC3C1F46C3E90091668E /* PersonFactory.m in Sources */,
			);
			runOnlyForDeploymentPostprocessing = 0;
		};
/* End PBXSourcesBuildPhase section */

/* Begin XCBuildConfiguration section */
		E896EC351F46C2490091668E /* Debug */ = {
			isa = XCBuildConfiguration;
			buildSettings = {
				ALWAYS_SEARCH_USER_PATHS = NO;
				CLANG_ANALYZER_NONNULL = YES;
				CLANG_ANALYZER_NUMBER_OBJECT_CONVERSION = YES_AGGRESSIVE;
				CLANG_CXX_LANGUAGE_STANDARD = "gnu++0x";
				CLANG_CXX_LIBRARY = "libc++";
				CLANG_ENABLE_MODULES = YES;
				CLANG_ENABLE_OBJC_ARC = YES;
				CLANG_WARN_BOOL_CONVERSION = YES;
				CLANG_WARN_CONSTANT_CONVERSION = YES;
				CLANG_WARN_DIRECT_OBJC_ISA_USAGE = YES_ERROR;
				CLANG_WARN_DOCUMENTATION_COMMENTS = YES;
				CLANG_WARN_EMPTY_BODY = YES;
				CLANG_WARN_ENUM_CONVERSION = YES;
				CLANG_WARN_INFINITE_RECURSION = YES;
				CLANG_WARN_INT_CONVERSION = YES;
				CLANG_WARN_OBJC_ROOT_CLASS = YES_ERROR;
				CLANG_WARN_SUSPICIOUS_MOVE = YES;
				CLANG_WARN_UNREACHABLE_CODE = YES;
				CLANG_WARN__DUPLICATE_METHOD_MATCH = YES;
				CODE_SIGN_IDENTITY = "-";
				COPY_PHASE_STRIP = NO;
				DEBUG_INFORMATION_FORMAT = dwarf;
				ENABLE_STRICT_OBJC_MSGSEND = YES;
				ENABLE_TESTABILITY = YES;
				GCC_C_LANGUAGE_STANDARD = gnu99;
				GCC_DYNAMIC_NO_PIC = NO;
				GCC_NO_COMMON_BLOCKS = YES;
				GCC_OPTIMIZATION_LEVEL = 0;
				GCC_PREPROCESSOR_DEFINITIONS = (
					"DEBUG=1",
					"$(inherited)",
				);
				GCC_WARN_64_TO_32_BIT_CONVERSION = YES;
				GCC_WARN_ABOUT_RETURN_TYPE = YES_ERROR;
				GCC_WARN_UNDECLARED_SELECTOR = YES;
				GCC_WARN_UNINITIALIZED_AUTOS = YES_AGGRESSIVE;
				GCC_WARN_UNUSED_FUNCTION = YES;
				GCC_WARN_UNUSED_VARIABLE = YES;
				MACOSX_DEPLOYMENT_TARGET = 10.12;
				MTL_ENABLE_DEBUG_INFO = YES;
				ONLY_ACTIVE_ARCH = YES;
				SDKROOT = macosx;
			};
			name = Debug;
		};
		E896EC361F46C2490091668E /* Release */ = {
			isa = XCBuildConfiguration;
			buildSettings = {
				ALWAYS_SEARCH_USER_PATHS = NO;
				CLANG_ANALYZER_NONNULL = YES;
				CLANG_ANALYZER_NUMBER_OBJECT_CONVERSION = YES_AGGRESSIVE;
				CLANG_CXX_LANGUAGE_STANDARD = "gnu++0x";
				CLANG_CXX_LIBRARY = "libc++";
				CLANG_ENABLE_MODULES = YES;
				CLANG_ENABLE_OBJC_ARC = YES;
				CLANG_WARN_BOOL_CONVERSION = YES;
				CLANG_WARN_CONSTANT_CONVERSION = YES;
				CLANG_WARN_DIRECT_OBJC_ISA_USAGE = YES_ERROR;
				CLANG_WARN_DOCUMENTATION_COMMENTS = YES;
				CLANG_WARN_EMPTY_BODY = YES;
				CLANG_WARN_ENUM_CONVERSION = YES;
				CLANG_WARN_INFINITE_RECURSION = YES;
				CLANG_WARN_INT_CONVERSION = YES;
				CLANG_WARN_OBJC_ROOT_CLASS = YES_ERROR;
				CLANG_WARN_SUSPICIOUS_MOVE = YES;
				CLANG_WARN_UNREACHABLE_CODE = YES;
				CLANG_WARN__DUPLICATE_METHOD_MATCH = YES;
				CODE_SIGN_IDENTITY = "-";
				COPY_PHASE_STRIP = NO;
				DEBUG_INFORMATION_FORMAT = "dwarf-with-dsym";
				ENABLE_NS_ASSERTIONS = NO;
				ENABLE_STRICT_OBJC_MSGSEND = YES;
				GCC_C_LANGUAGE_STANDARD = gnu99;
				GCC_NO_COMMON_BLOCKS = YES;
				GCC_WARN_64_TO_32_BIT_CONVERSION = YES;
				GCC_WARN_ABOUT_RETURN_TYPE = YES_ERROR;
				GCC_WARN_UNDECLARED_SELECTOR = YES;
				GCC_WARN_UNINITIALIZED_AUTOS = YES_AGGRESSIVE;
				GCC_WARN_UNUSED_FUNCTION = YES;
				GCC_WARN_UNUSED_VARIABLE = YES;
				MACOSX_DEPLOYMENT_TARGET = 10.12;
				MTL_ENABLE_DEBUG_INFO = NO;
				SDKROOT = macosx;
			};
			name = Release;
		};
		E896EC381F46C2490091668E /* Debug */ = {
			isa = XCBuildConfiguration;
			buildSettings = {
				PRODUCT_NAME = "$(TARGET_NAME)";
			};
			name = Debug;
		};
		E896EC391F46C2490091668E /* Release */ = {
			isa = XCBuildConfiguration;
			buildSettings = {
				PRODUCT_NAME = "$(TARGET_NAME)";
			};
			name = Release;
		};
/* End XCBuildConfiguration section */

/* Begin XCConfigurationList section */
		E896EC2B1F46C2490091668E /* Build configuration list for PBXProject "工厂模式" */ = {
			isa = XCConfigurationList;
			buildConfigurations = (
				E896EC351F46C2490091668E /* Debug */,
				E896EC361F46C2490091668E /* Release */,
			);
			defaultConfigurationIsVisible = 0;
			defaultConfigurationName = Release;
		};
		E896EC371F46C2490091668E /* Build configuration list for PBXNativeTarget "工厂模式" */ = {
			isa = XCConfigurationList;
			buildConfigurations = (
				E896EC381F46C2490091668E /* Debug */,
				E896EC391F46C2490091668E /* Release */,
			);
			defaultConfigurationIsVisible = 0;
		};
/* End XCConfigurationList section */
	};
	rootObject = E896EC281F46C2490091668E /* Project object */;
}
